
Microsoft Visual Studio Solution File, Format Version 12.00
# Visual Studio Version 17
VisualStudioVersion = 17.4.33103.184
MinimumVisualStudioVersion = 10.0.40219.1
Project("{9A19103F-16F7-4668-BE54-9A1E7A4F7556}") = "Yatp.Desktop", "Yatp.Desktop\Yatp.Desktop.csproj", "{BE462799-E014-4AFC-8A71-2F6025FB8E8F}"
EndProject
Project("{6EC3EE1D-3C4E-46DD-8F32-0CC8E7565705}") = "Yatp.Desktop.Core", "Yatp.Desktop.Core\Yatp.Desktop.Core.fsproj", "{DA0129EA-E294-4D1A-8C19-0D03316040D8}"
EndProject
Global
	GlobalSection(SolutionConfigurationPlatforms) = preSolution
		Debug|Any CPU = Debug|Any CPU
		Release|Any CPU = Release|Any CPU
	EndGlobalSection
	GlobalSection(ProjectConfigurationPlatforms) = postSolution
		{BE462799-E014-4AFC-8A71-2F6025FB8E8F}.Debug|Any CPU.ActiveCfg = Debug|Any CPU
		{BE462799-E014-4AFC-8A71-2F6025FB8E8F}.Debug|Any CPU.Build.0 = Debug|Any CPU
		{BE462799-E014-4AFC-8A71-2F6025FB8E8F}.Release|Any CPU.ActiveCfg = Release|Any CPU
		{BE462799-E014-4AFC-8A71-2F6025FB8E8F}.Release|Any CPU.Build.0 = Release|Any CPU
		{DA0129EA-E294-4D1A-8C19-0D03316040D8}.Debug|Any CPU.ActiveCfg = Debug|Any CPU
		{DA0129EA-E294-4D1A-8C19-0D03316040D8}.Debug|Any CPU.Build.0 = Debug|Any CPU
		{DA0129EA-E294-4D1A-8C19-0D03316040D8}.Release|Any CPU.ActiveCfg = Release|Any CPU
		{DA0129EA-E294-4D1A-8C19-0D03316040D8}.Release|Any CPU.Build.0 = Release|Any CPU
	EndGlobalSection
	GlobalSection(SolutionProperties) = preSolution
		HideSolutionNode = FALSE
	EndGlobalSection
	GlobalSection(ExtensibilityGlobals) = postSolution
		SolutionGuid = {0859B109-9F41-4F16-B994-B17E6FEC9C18}
	EndGlobalSection
EndGlobal
